
Microsoft Visual Studio Solution File, Format Version 12.00
# Visual Studio Version 17
VisualStudioVersion = 17.0.31912.275
MinimumVisualStudioVersion = 10.0.40219.1
Project("{2150E333-8FDC-42A3-9474-1A3956D46DE8}") = "src", "src", "{D84AF897-D307-42E7-893F-CD7D24BCC589}"
EndProject
Project("{2150E333-8FDC-42A3-9474-1A3956D46DE8}") = "test", "test", "{CE177DDD-6653-4229-AB81-FE0147EFD154}"
EndProject
Project("{2150E333-8FDC-42A3-9474-1A3956D46DE8}") = "Solution Items", "Solution Items", "{02A405E7-2E22-4B50-BA45-47D34459414E}"
	ProjectSection(SolutionItems) = preProject
		..\aks-base-image-pipeline.yml = ..\aks-base-image-pipeline.yml
		..\aks-cd-pipelines.yml = ..\aks-cd-pipelines.yml
		..\aks-ci-pipelines.yml = ..\aks-ci-pipelines.yml
		..\aks-hotfix-pipeline.yml = ..\aks-hotfix-pipeline.yml
		..\aks-pr-build-pipeline.yml = ..\aks-pr-build-pipeline.yml
		..\aks-pr-complete-pipeline.yml = ..\aks-pr-complete-pipeline.yml
		..\aks-pr-deploy-pipeline.yml = ..\aks-pr-deploy-pipeline.yml
		..\aks-variables.yml = ..\aks-variables.yml
		Directory.Build.props = Directory.Build.props
		..\Dockerfile-Backend = ..\Dockerfile-Backend
		..\Dockerfile-Backend.build-test = ..\Dockerfile-Backend.build-test
		..\.template.config\template.json = ..\.template.config\template.json
	EndProjectSection
EndProject
Project("{9A19103F-16F7-4668-BE54-9A1E7A4F7556}") = "Sag.Service.Companies.Api", "src\Sag.Service.Companies.Api\Sag.Service.Companies.Api.csproj", "{0EC75B95-E0F4-470B-80A9-DEDB943EB8A9}"
EndProject
Project("{9A19103F-16F7-4668-BE54-9A1E7A4F7556}") = "Sag.Service.Companies.Api.Tests", "test\Sag.Service.Companies.Api.Tests\Sag.Service.Companies.Api.Tests.csproj", "{CF7E74D8-87A3-4DE4-B476-DE71B4F47E30}"
EndProject
Project("{2150E333-8FDC-42A3-9474-1A3956D46DE8}") = "Deployment", "Deployment", "{CF06F071-AD00-4843-B4E8-BC5FDED322E1}"
EndProject
Project("{2150E333-8FDC-42A3-9474-1A3956D46DE8}") = "Helm", "Helm", "{5D4B2FA3-8E6F-44C3-BEAE-B832F5C9917B}"
	ProjectSection(SolutionItems) = preProject
		..\Deployment\Helm\.helmignore = ..\Deployment\Helm\.helmignore
		..\Deployment\Helm\Chart.yaml = ..\Deployment\Helm\Chart.yaml
		..\Deployment\Helm\values.yaml = ..\Deployment\Helm\values.yaml
	EndProjectSection
EndProject
Project("{2150E333-8FDC-42A3-9474-1A3956D46DE8}") = "templates", "templates", "{3E0681D2-7F26-4612-8E57-803DC80F2367}"
	ProjectSection(SolutionItems) = preProject
		..\Deployment\Helm\templates\certificates.yaml = ..\Deployment\Helm\templates\certificates.yaml
		..\Deployment\Helm\templates\configmaps.yaml = ..\Deployment\Helm\templates\configmaps.yaml
		..\Deployment\Helm\templates\deployment-api.yaml = ..\Deployment\Helm\templates\deployment-api.yaml
		..\Deployment\Helm\templates\gateway.yaml = ..\Deployment\Helm\templates\gateway.yaml
		..\Deployment\Helm\templates\namespace.yaml = ..\Deployment\Helm\templates\namespace.yaml
		..\Deployment\Helm\templates\secrets.yaml = ..\Deployment\Helm\templates\secrets.yaml
		..\Deployment\Helm\templates\_helpers.tpl = ..\Deployment\Helm\templates\_helpers.tpl
	EndProjectSection
EndProject
Project("{9A19103F-16F7-4668-BE54-9A1E7A4F7556}") = "Sag.Service.Companies.Api.Specs", "test\Sag.Service.Companies.Api.Specs\Sag.Service.Companies.Api.Specs.csproj", "{379CDAF1-BD8A-4090-97B3-5215F0559A4A}"
EndProject
Project("{9A19103F-16F7-4668-BE54-9A1E7A4F7556}") = "Sag.Service.Companies.Application", "src\Sag.Service.Companies.Application\Sag.Service.Companies.Application.csproj", "{46BEB4E3-DE3B-4783-BEF1-241242219039}"
EndProject
Project("{9A19103F-16F7-4668-BE54-9A1E7A4F7556}") = "Sag.Service.Companies.Domain", "src\Sag.Service.Companies.Domain\Sag.Service.Companies.Domain.csproj", "{EEEA9B92-9FDC-41E3-B424-134742A9CB32}"
EndProject
Project("{9A19103F-16F7-4668-BE54-9A1E7A4F7556}") = "Sag.Service.Companies.Infrastructure", "src\Sag.Service.Companies.Infrastructure\Sag.Service.Companies.Infrastructure.csproj", "{FCF7ADCB-AC9C-4B72-BF21-63FF6FFB889B}"
EndProject
Global
	GlobalSection(SolutionConfigurationPlatforms) = preSolution
		Debug|Any CPU = Debug|Any CPU
		Release|Any CPU = Release|Any CPU
	EndGlobalSection
	GlobalSection(ProjectConfigurationPlatforms) = postSolution
		{0EC75B95-E0F4-470B-80A9-DEDB943EB8A9}.Debug|Any CPU.ActiveCfg = Debug|Any CPU
		{0EC75B95-E0F4-470B-80A9-DEDB943EB8A9}.Debug|Any CPU.Build.0 = Debug|Any CPU
		{0EC75B95-E0F4-470B-80A9-DEDB943EB8A9}.Release|Any CPU.ActiveCfg = Release|Any CPU
		{0EC75B95-E0F4-470B-80A9-DEDB943EB8A9}.Release|Any CPU.Build.0 = Release|Any CPU
		{CF7E74D8-87A3-4DE4-B476-DE71B4F47E30}.Debug|Any CPU.ActiveCfg = Debug|Any CPU
		{CF7E74D8-87A3-4DE4-B476-DE71B4F47E30}.Debug|Any CPU.Build.0 = Debug|Any CPU
		{CF7E74D8-87A3-4DE4-B476-DE71B4F47E30}.Release|Any CPU.ActiveCfg = Release|Any CPU
		{CF7E74D8-87A3-4DE4-B476-DE71B4F47E30}.Release|Any CPU.Build.0 = Release|Any CPU
		{379CDAF1-BD8A-4090-97B3-5215F0559A4A}.Debug|Any CPU.ActiveCfg = Debug|Any CPU
		{379CDAF1-BD8A-4090-97B3-5215F0559A4A}.Debug|Any CPU.Build.0 = Debug|Any CPU
		{379CDAF1-BD8A-4090-97B3-5215F0559A4A}.Release|Any CPU.ActiveCfg = Release|Any CPU
		{379CDAF1-BD8A-4090-97B3-5215F0559A4A}.Release|Any CPU.Build.0 = Release|Any CPU
		{46BEB4E3-DE3B-4783-BEF1-241242219039}.Debug|Any CPU.ActiveCfg = Debug|Any CPU
		{46BEB4E3-DE3B-4783-BEF1-241242219039}.Debug|Any CPU.Build.0 = Debug|Any CPU
		{46BEB4E3-DE3B-4783-BEF1-241242219039}.Release|Any CPU.ActiveCfg = Release|Any CPU
		{46BEB4E3-DE3B-4783-BEF1-241242219039}.Release|Any CPU.Build.0 = Release|Any CPU
		{EEEA9B92-9FDC-41E3-B424-134742A9CB32}.Debug|Any CPU.ActiveCfg = Debug|Any CPU
		{EEEA9B92-9FDC-41E3-B424-134742A9CB32}.Debug|Any CPU.Build.0 = Debug|Any CPU
		{EEEA9B92-9FDC-41E3-B424-134742A9CB32}.Release|Any CPU.ActiveCfg = Release|Any CPU
		{EEEA9B92-9FDC-41E3-B424-134742A9CB32}.Release|Any CPU.Build.0 = Release|Any CPU
		{FCF7ADCB-AC9C-4B72-BF21-63FF6FFB889B}.Debug|Any CPU.ActiveCfg = Debug|Any CPU
		{FCF7ADCB-AC9C-4B72-BF21-63FF6FFB889B}.Debug|Any CPU.Build.0 = Debug|Any CPU
		{FCF7ADCB-AC9C-4B72-BF21-63FF6FFB889B}.Release|Any CPU.ActiveCfg = Release|Any CPU
		{FCF7ADCB-AC9C-4B72-BF21-63FF6FFB889B}.Release|Any CPU.Build.0 = Release|Any CPU
	EndGlobalSection
	GlobalSection(SolutionProperties) = preSolution
		HideSolutionNode = FALSE
	EndGlobalSection
	GlobalSection(NestedProjects) = preSolution
		{0EC75B95-E0F4-470B-80A9-DEDB943EB8A9} = {D84AF897-D307-42E7-893F-CD7D24BCC589}
		{CF7E74D8-87A3-4DE4-B476-DE71B4F47E30} = {CE177DDD-6653-4229-AB81-FE0147EFD154}
		{CF06F071-AD00-4843-B4E8-BC5FDED322E1} = {02A405E7-2E22-4B50-BA45-47D34459414E}
		{5D4B2FA3-8E6F-44C3-BEAE-B832F5C9917B} = {CF06F071-AD00-4843-B4E8-BC5FDED322E1}
		{3E0681D2-7F26-4612-8E57-803DC80F2367} = {5D4B2FA3-8E6F-44C3-BEAE-B832F5C9917B}
		{379CDAF1-BD8A-4090-97B3-5215F0559A4A} = {CE177DDD-6653-4229-AB81-FE0147EFD154}
		{46BEB4E3-DE3B-4783-BEF1-241242219039} = {D84AF897-D307-42E7-893F-CD7D24BCC589}
		{EEEA9B92-9FDC-41E3-B424-134742A9CB32} = {D84AF897-D307-42E7-893F-CD7D24BCC589}
		{FCF7ADCB-AC9C-4B72-BF21-63FF6FFB889B} = {D84AF897-D307-42E7-893F-CD7D24BCC589}
	EndGlobalSection
	GlobalSection(ExtensibilityGlobals) = postSolution
		SolutionGuid = {9347BF08-9A0C-48F9-80F2-853EED712533}
	EndGlobalSection
EndGlobal
